// !$*UTF8*$!
{
	archiveVersion = 1;
	classes = {
	};
	objectVersion = 50;
	objects = {

/* Begin PBXBuildFile section */
		C20DF7F02617BB3200BB3D23 /* ProjectHeaderView.swift in Sources */ = {isa = PBXBuildFile; fileRef = C20DF7EF2617BB3200BB3D23 /* ProjectHeaderView.swift */; };
		C20DF7F32617BDD000BB3D23 /* Colors.xcassets in Resources */ = {isa = PBXBuildFile; fileRef = C20DF7F22617BDD000BB3D23 /* Colors.xcassets */; };
		C21A730E260C707B00154F88 /* Main.xcdatamodeld in Sources */ = {isa = PBXBuildFile; fileRef = C21A730C260C707B00154F88 /* Main.xcdatamodeld */; };
		C21A7311260C733300154F88 /* DataController.swift in Sources */ = {isa = PBXBuildFile; fileRef = C21A7310260C733300154F88 /* DataController.swift */; };
		C21A7317260C792900154F88 /* CloudKit.framework in Frameworks */ = {isa = PBXBuildFile; fileRef = C21A7316260C792900154F88 /* CloudKit.framework */; };
		C21E526126165A5500DDA28C /* Binding-OnChange.swift in Sources */ = {isa = PBXBuildFile; fileRef = C21E526026165A5500DDA28C /* Binding-OnChange.swift */; };
		C2525C0C2615561A00C34729 /* EditItemView.swift in Sources */ = {isa = PBXBuildFile; fileRef = C2525C0B2615561A00C34729 /* EditItemView.swift */; };
		C2525C0F2615596A00C34729 /* ItemRowView.swift in Sources */ = {isa = PBXBuildFile; fileRef = C2525C0E2615596A00C34729 /* ItemRowView.swift */; };
		C26859A2260BE33D00EDC0EF /* UltimatePortfolioApp.swift in Sources */ = {isa = PBXBuildFile; fileRef = C26859A1260BE33D00EDC0EF /* UltimatePortfolioApp.swift */; };
		C26859A4260BE33D00EDC0EF /* ContentView.swift in Sources */ = {isa = PBXBuildFile; fileRef = C26859A3260BE33D00EDC0EF /* ContentView.swift */; };
		C26859A6260BE33E00EDC0EF /* Assets.xcassets in Resources */ = {isa = PBXBuildFile; fileRef = C26859A5260BE33E00EDC0EF /* Assets.xcassets */; };
		C26859A9260BE33E00EDC0EF /* Preview Assets.xcassets in Resources */ = {isa = PBXBuildFile; fileRef = C26859A8260BE33E00EDC0EF /* Preview Assets.xcassets */; };
		E50D89C2260D8B92000394D3 /* HomeView.swift in Sources */ = {isa = PBXBuildFile; fileRef = E50D89C1260D8B92000394D3 /* HomeView.swift */; };
		E50D89C5260D8BE2000394D3 /* ProjectsView.swift in Sources */ = {isa = PBXBuildFile; fileRef = E50D89C4260D8BE2000394D3 /* ProjectsView.swift */; };
		E53AF08E26145597005D08D6 /* Item-CoreDataHelpers.swift in Sources */ = {isa = PBXBuildFile; fileRef = E53AF08D26145597005D08D6 /* Item-CoreDataHelpers.swift */; };
		E53AF09126145675005D08D6 /* Project-CoreDataHelpers.swift in Sources */ = {isa = PBXBuildFile; fileRef = E53AF09026145675005D08D6 /* Project-CoreDataHelpers.swift */; };
		E595451D261C221700969BA6 /* EditProjectView.swift in Sources */ = {isa = PBXBuildFile; fileRef = E595451C261C221700969BA6 /* EditProjectView.swift */; };
/* End PBXBuildFile section */

/* Begin PBXFileReference section */
		C20DF7EF2617BB3200BB3D23 /* ProjectHeaderView.swift */ = {isa = PBXFileReference; lastKnownFileType = sourcecode.swift; path = ProjectHeaderView.swift; sourceTree = "<group>"; };
		C20DF7F22617BDD000BB3D23 /* Colors.xcassets */ = {isa = PBXFileReference; lastKnownFileType = folder.assetcatalog; path = Colors.xcassets; sourceTree = "<group>"; };
		C21A730D260C707B00154F88 /* Main.xcdatamodel */ = {isa = PBXFileReference; lastKnownFileType = wrapper.xcdatamodel; path = Main.xcdatamodel; sourceTree = "<group>"; };
		C21A7310260C733300154F88 /* DataController.swift */ = {isa = PBXFileReference; lastKnownFileType = sourcecode.swift; path = DataController.swift; sourceTree = "<group>"; };
		C21A7313260C78EC00154F88 /* UltimatePortfolio.entitlements */ = {isa = PBXFileReference; lastKnownFileType = text.plist.entitlements; path = UltimatePortfolio.entitlements; sourceTree = "<group>"; };
		C21A7316260C792900154F88 /* CloudKit.framework */ = {isa = PBXFileReference; lastKnownFileType = wrapper.framework; name = CloudKit.framework; path = System/Library/Frameworks/CloudKit.framework; sourceTree = SDKROOT; };
		C21E526026165A5500DDA28C /* Binding-OnChange.swift */ = {isa = PBXFileReference; lastKnownFileType = sourcecode.swift; path = "Binding-OnChange.swift"; sourceTree = "<group>"; };
		C2525C0B2615561A00C34729 /* EditItemView.swift */ = {isa = PBXFileReference; lastKnownFileType = sourcecode.swift; path = EditItemView.swift; sourceTree = "<group>"; };
		C2525C0E2615596A00C34729 /* ItemRowView.swift */ = {isa = PBXFileReference; lastKnownFileType = sourcecode.swift; path = ItemRowView.swift; sourceTree = "<group>"; };
		C268599E260BE33D00EDC0EF /* UltimatePortfolio.app */ = {isa = PBXFileReference; explicitFileType = wrapper.application; includeInIndex = 0; path = UltimatePortfolio.app; sourceTree = BUILT_PRODUCTS_DIR; };
		C26859A1260BE33D00EDC0EF /* UltimatePortfolioApp.swift */ = {isa = PBXFileReference; lastKnownFileType = sourcecode.swift; path = UltimatePortfolioApp.swift; sourceTree = "<group>"; };
		C26859A3260BE33D00EDC0EF /* ContentView.swift */ = {isa = PBXFileReference; lastKnownFileType = sourcecode.swift; path = ContentView.swift; sourceTree = "<group>"; };
		C26859A5260BE33E00EDC0EF /* Assets.xcassets */ = {isa = PBXFileReference; lastKnownFileType = folder.assetcatalog; path = Assets.xcassets; sourceTree = "<group>"; };
		C26859A8260BE33E00EDC0EF /* Preview Assets.xcassets */ = {isa = PBXFileReference; lastKnownFileType = folder.assetcatalog; path = "Preview Assets.xcassets"; sourceTree = "<group>"; };
		C26859AA260BE33E00EDC0EF /* Info.plist */ = {isa = PBXFileReference; lastKnownFileType = text.plist.xml; path = Info.plist; sourceTree = "<group>"; };
		E50D89C1260D8B92000394D3 /* HomeView.swift */ = {isa = PBXFileReference; lastKnownFileType = sourcecode.swift; path = HomeView.swift; sourceTree = "<group>"; };
		E50D89C4260D8BE2000394D3 /* ProjectsView.swift */ = {isa = PBXFileReference; lastKnownFileType = sourcecode.swift; path = ProjectsView.swift; sourceTree = "<group>"; };
		E53AF08D26145597005D08D6 /* Item-CoreDataHelpers.swift */ = {isa = PBXFileReference; lastKnownFileType = sourcecode.swift; path = "Item-CoreDataHelpers.swift"; sourceTree = "<group>"; };
		E53AF09026145675005D08D6 /* Project-CoreDataHelpers.swift */ = {isa = PBXFileReference; lastKnownFileType = sourcecode.swift; path = "Project-CoreDataHelpers.swift"; sourceTree = "<group>"; };
		E595451C261C221700969BA6 /* EditProjectView.swift */ = {isa = PBXFileReference; lastKnownFileType = sourcecode.swift; path = EditProjectView.swift; sourceTree = "<group>"; };
/* End PBXFileReference section */

/* Begin PBXFrameworksBuildPhase section */
		C268599B260BE33D00EDC0EF /* Frameworks */ = {
			isa = PBXFrameworksBuildPhase;
			buildActionMask = 2147483647;
			files = (
				C21A7317260C792900154F88 /* CloudKit.framework in Frameworks */,
			);
			runOnlyForDeploymentPostprocessing = 0;
		};
/* End PBXFrameworksBuildPhase section */

/* Begin PBXGroup section */
		C21A7315260C792900154F88 /* Frameworks */ = {
			isa = PBXGroup;
			children = (
				C21A7316260C792900154F88 /* CloudKit.framework */,
			);
			name = Frameworks;
			sourceTree = "<group>";
		};
		C2685995260BE33D00EDC0EF = {
			isa = PBXGroup;
			children = (
				C26859A0260BE33D00EDC0EF /* UltimatePortfolio */,
				C268599F260BE33D00EDC0EF /* Products */,
				C21A7315260C792900154F88 /* Frameworks */,
			);
			sourceTree = "<group>";
		};
		C268599F260BE33D00EDC0EF /* Products */ = {
			isa = PBXGroup;
			children = (
				C268599E260BE33D00EDC0EF /* UltimatePortfolio.app */,
			);
			name = Products;
			sourceTree = "<group>";
		};
		C26859A0260BE33D00EDC0EF /* UltimatePortfolio */ = {
			isa = PBXGroup;
			children = (
				C21A7313260C78EC00154F88 /* UltimatePortfolio.entitlements */,
				C26859A1260BE33D00EDC0EF /* UltimatePortfolioApp.swift */,
				C26859A3260BE33D00EDC0EF /* ContentView.swift */,
				E595451C261C221700969BA6 /* EditProjectView.swift */,
				E50D89C1260D8B92000394D3 /* HomeView.swift */,
				C2525C0B2615561A00C34729 /* EditItemView.swift */,
				C20DF7EF2617BB3200BB3D23 /* ProjectHeaderView.swift */,
				E50D89C4260D8BE2000394D3 /* ProjectsView.swift */,
				C2525C0E2615596A00C34729 /* ItemRowView.swift */,
				C21A730C260C707B00154F88 /* Main.xcdatamodeld */,
				C21A7310260C733300154F88 /* DataController.swift */,
				E53AF08D26145597005D08D6 /* Item-CoreDataHelpers.swift */,
				E53AF09026145675005D08D6 /* Project-CoreDataHelpers.swift */,
				C21E526026165A5500DDA28C /* Binding-OnChange.swift */,
				C26859A5260BE33E00EDC0EF /* Assets.xcassets */,
				C20DF7F22617BDD000BB3D23 /* Colors.xcassets */,
				C26859AA260BE33E00EDC0EF /* Info.plist */,
				C26859A7260BE33E00EDC0EF /* Preview Content */,
			);
			path = UltimatePortfolio;
			sourceTree = "<group>";
		};
		C26859A7260BE33E00EDC0EF /* Preview Content */ = {
			isa = PBXGroup;
			children = (
				C26859A8260BE33E00EDC0EF /* Preview Assets.xcassets */,
			);
			path = "Preview Content";
			sourceTree = "<group>";
		};
/* End PBXGroup section */

/* Begin PBXNativeTarget section */
		C268599D260BE33D00EDC0EF /* UltimatePortfolio */ = {
			isa = PBXNativeTarget;
			buildConfigurationList = C26859AD260BE33E00EDC0EF /* Build configuration list for PBXNativeTarget "UltimatePortfolio" */;
			buildPhases = (
				C268599A260BE33D00EDC0EF /* Sources */,
				C268599B260BE33D00EDC0EF /* Frameworks */,
				C268599C260BE33D00EDC0EF /* Resources */,
			);
			buildRules = (
			);
			dependencies = (
			);
			name = UltimatePortfolio;
			productName = UltimatePortfolio;
			productReference = C268599E260BE33D00EDC0EF /* UltimatePortfolio.app */;
			productType = "com.apple.product-type.application";
		};
/* End PBXNativeTarget section */

/* Begin PBXProject section */
		C2685996260BE33D00EDC0EF /* Project object */ = {
			isa = PBXProject;
			attributes = {
				LastSwiftUpdateCheck = 1240;
				LastUpgradeCheck = 1240;
				TargetAttributes = {
					C268599D260BE33D00EDC0EF = {
						CreatedOnToolsVersion = 12.4;
					};
				};
			};
			buildConfigurationList = C2685999260BE33D00EDC0EF /* Build configuration list for PBXProject "UltimatePortfolio" */;
			compatibilityVersion = "Xcode 9.3";
			developmentRegion = en;
			hasScannedForEncodings = 0;
			knownRegions = (
				en,
				Base,
			);
			mainGroup = C2685995260BE33D00EDC0EF;
			productRefGroup = C268599F260BE33D00EDC0EF /* Products */;
			projectDirPath = "";
			projectRoot = "";
			targets = (
				C268599D260BE33D00EDC0EF /* UltimatePortfolio */,
			);
		};
/* End PBXProject section */

/* Begin PBXResourcesBuildPhase section */
		C268599C260BE33D00EDC0EF /* Resources */ = {
			isa = PBXResourcesBuildPhase;
			buildActionMask = 2147483647;
			files = (
				C20DF7F32617BDD000BB3D23 /* Colors.xcassets in Resources */,
				C26859A9260BE33E00EDC0EF /* Preview Assets.xcassets in Resources */,
				C26859A6260BE33E00EDC0EF /* Assets.xcassets in Resources */,
			);
			runOnlyForDeploymentPostprocessing = 0;
		};
/* End PBXResourcesBuildPhase section */

/* Begin PBXSourcesBuildPhase section */
		C268599A260BE33D00EDC0EF /* Sources */ = {
			isa = PBXSourcesBuildPhase;
			buildActionMask = 2147483647;
			files = (
				E50D89C5260D8BE2000394D3 /* ProjectsView.swift in Sources */,
				C20DF7F02617BB3200BB3D23 /* ProjectHeaderView.swift in Sources */,
				C21A730E260C707B00154F88 /* Main.xcdatamodeld in Sources */,
				E53AF09126145675005D08D6 /* Project-CoreDataHelpers.swift in Sources */,
				E595451D261C221700969BA6 /* EditProjectView.swift in Sources */,
				C21A7311260C733300154F88 /* DataController.swift in Sources */,
				C2525C0F2615596A00C34729 /* ItemRowView.swift in Sources */,
				C26859A4260BE33D00EDC0EF /* ContentView.swift in Sources */,
				C21E526126165A5500DDA28C /* Binding-OnChange.swift in Sources */,
				E50D89C2260D8B92000394D3 /* HomeView.swift in Sources */,
				C26859A2260BE33D00EDC0EF /* UltimatePortfolioApp.swift in Sources */,
				E53AF08E26145597005D08D6 /* Item-CoreDataHelpers.swift in Sources */,
				C2525C0C2615561A00C34729 /* EditItemView.swift in Sources */,
			);
			runOnlyForDeploymentPostprocessing = 0;
		};
/* End PBXSourcesBuildPhase section */

/* Begin XCBuildConfiguration section */
		C26859AB260BE33E00EDC0EF /* Debug */ = {
			isa = XCBuildConfiguration;
			buildSettings = {
				ALWAYS_SEARCH_USER_PATHS = NO;
				CLANG_ANALYZER_NONNULL = YES;
				CLANG_ANALYZER_NUMBER_OBJECT_CONVERSION = YES_AGGRESSIVE;
				CLANG_CXX_LANGUAGE_STANDARD = "gnu++14";
				CLANG_CXX_LIBRARY = "libc++";
				CLANG_ENABLE_MODULES = YES;
				CLANG_ENABLE_OBJC_ARC = YES;
				CLANG_ENABLE_OBJC_WEAK = YES;
				CLANG_WARN_BLOCK_CAPTURE_AUTORELEASING = YES;
				CLANG_WARN_BOOL_CONVERSION = YES;
				CLANG_WARN_COMMA = YES;
				CLANG_WARN_CONSTANT_CONVERSION = YES;
				CLANG_WARN_DEPRECATED_OBJC_IMPLEMENTATIONS = YES;
				CLANG_WARN_DIRECT_OBJC_ISA_USAGE = YES_ERROR;
				CLANG_WARN_DOCUMENTATION_COMMENTS = YES;
				CLANG_WARN_EMPTY_BODY = YES;
				CLANG_WARN_ENUM_CONVERSION = YES;
				CLANG_WARN_INFINITE_RECURSION = YES;
				CLANG_WARN_INT_CONVERSION = YES;
				CLANG_WARN_NON_LITERAL_NULL_CONVERSION = YES;
				CLANG_WARN_OBJC_IMPLICIT_RETAIN_SELF = YES;
				CLANG_WARN_OBJC_LITERAL_CONVERSION = YES;
				CLANG_WARN_OBJC_ROOT_CLASS = YES_ERROR;
				CLANG_WARN_QUOTED_INCLUDE_IN_FRAMEWORK_HEADER = YES;
				CLANG_WARN_RANGE_LOOP_ANALYSIS = YES;
				CLANG_WARN_STRICT_PROTOTYPES = YES;
				CLANG_WARN_SUSPICIOUS_MOVE = YES;
				CLANG_WARN_UNGUARDED_AVAILABILITY = YES_AGGRESSIVE;
				CLANG_WARN_UNREACHABLE_CODE = YES;
				CLANG_WARN__DUPLICATE_METHOD_MATCH = YES;
				COPY_PHASE_STRIP = NO;
				DEBUG_INFORMATION_FORMAT = dwarf;
				ENABLE_STRICT_OBJC_MSGSEND = YES;
				ENABLE_TESTABILITY = YES;
				GCC_C_LANGUAGE_STANDARD = gnu11;
				GCC_DYNAMIC_NO_PIC = NO;
				GCC_NO_COMMON_BLOCKS = YES;
				GCC_OPTIMIZATION_LEVEL = 0;
				GCC_PREPROCESSOR_DEFINITIONS = (
					"DEBUG=1",
					"$(inherited)",
				);
				GCC_WARN_64_TO_32_BIT_CONVERSION = YES;
				GCC_WARN_ABOUT_RETURN_TYPE = YES_ERROR;
				GCC_WARN_UNDECLARED_SELECTOR = YES;
				GCC_WARN_UNINITIALIZED_AUTOS = YES_AGGRESSIVE;
				GCC_WARN_UNUSED_FUNCTION = YES;
				GCC_WARN_UNUSED_VARIABLE = YES;
				IPHONEOS_DEPLOYMENT_TARGET = 14.4;
				MTL_ENABLE_DEBUG_INFO = INCLUDE_SOURCE;
				MTL_FAST_MATH = YES;
				ONLY_ACTIVE_ARCH = YES;
				SDKROOT = iphoneos;
				SWIFT_ACTIVE_COMPILATION_CONDITIONS = DEBUG;
				SWIFT_OPTIMIZATION_LEVEL = "-Onone";
			};
			name = Debug;
		};
		C26859AC260BE33E00EDC0EF /* Release */ = {
			isa = XCBuildConfiguration;
			buildSettings = {
				ALWAYS_SEARCH_USER_PATHS = NO;
				CLANG_ANALYZER_NONNULL = YES;
				CLANG_ANALYZER_NUMBER_OBJECT_CONVERSION = YES_AGGRESSIVE;
				CLANG_CXX_LANGUAGE_STANDARD = "gnu++14";
				CLANG_CXX_LIBRARY = "libc++";
				CLANG_ENABLE_MODULES = YES;
				CLANG_ENABLE_OBJC_ARC = YES;
				CLANG_ENABLE_OBJC_WEAK = YES;
				CLANG_WARN_BLOCK_CAPTURE_AUTORELEASING = YES;
				CLANG_WARN_BOOL_CONVERSION = YES;
				CLANG_WARN_COMMA = YES;
				CLANG_WARN_CONSTANT_CONVERSION = YES;
				CLANG_WARN_DEPRECATED_OBJC_IMPLEMENTATIONS = YES;
				CLANG_WARN_DIRECT_OBJC_ISA_USAGE = YES_ERROR;
				CLANG_WARN_DOCUMENTATION_COMMENTS = YES;
				CLANG_WARN_EMPTY_BODY = YES;
				CLANG_WARN_ENUM_CONVERSION = YES;
				CLANG_WARN_INFINITE_RECURSION = YES;
				CLANG_WARN_INT_CONVERSION = YES;
				CLANG_WARN_NON_LITERAL_NULL_CONVERSION = YES;
				CLANG_WARN_OBJC_IMPLICIT_RETAIN_SELF = YES;
				CLANG_WARN_OBJC_LITERAL_CONVERSION = YES;
				CLANG_WARN_OBJC_ROOT_CLASS = YES_ERROR;
				CLANG_WARN_QUOTED_INCLUDE_IN_FRAMEWORK_HEADER = YES;
				CLANG_WARN_RANGE_LOOP_ANALYSIS = YES;
				CLANG_WARN_STRICT_PROTOTYPES = YES;
				CLANG_WARN_SUSPICIOUS_MOVE = YES;
				CLANG_WARN_UNGUARDED_AVAILABILITY = YES_AGGRESSIVE;
				CLANG_WARN_UNREACHABLE_CODE = YES;
				CLANG_WARN__DUPLICATE_METHOD_MATCH = YES;
				COPY_PHASE_STRIP = NO;
				DEBUG_INFORMATION_FORMAT = "dwarf-with-dsym";
				ENABLE_NS_ASSERTIONS = NO;
				ENABLE_STRICT_OBJC_MSGSEND = YES;
				GCC_C_LANGUAGE_STANDARD = gnu11;
				GCC_NO_COMMON_BLOCKS = YES;
				GCC_WARN_64_TO_32_BIT_CONVERSION = YES;
				GCC_WARN_ABOUT_RETURN_TYPE = YES_ERROR;
				GCC_WARN_UNDECLARED_SELECTOR = YES;
				GCC_WARN_UNINITIALIZED_AUTOS = YES_AGGRESSIVE;
				GCC_WARN_UNUSED_FUNCTION = YES;
				GCC_WARN_UNUSED_VARIABLE = YES;
				IPHONEOS_DEPLOYMENT_TARGET = 14.4;
				MTL_ENABLE_DEBUG_INFO = NO;
				MTL_FAST_MATH = YES;
				SDKROOT = iphoneos;
				SWIFT_COMPILATION_MODE = wholemodule;
				SWIFT_OPTIMIZATION_LEVEL = "-O";
				VALIDATE_PRODUCT = YES;
			};
			name = Release;
		};
		C26859AE260BE33E00EDC0EF /* Debug */ = {
			isa = XCBuildConfiguration;
			buildSettings = {
				ASSETCATALOG_COMPILER_APPICON_NAME = AppIcon;
				ASSETCATALOG_COMPILER_GLOBAL_ACCENT_COLOR_NAME = AccentColor;
				CODE_SIGN_ENTITLEMENTS = UltimatePortfolio/UltimatePortfolio.entitlements;
				CODE_SIGN_STYLE = Automatic;
				DEVELOPMENT_ASSET_PATHS = "\"UltimatePortfolio/Preview Content\"";
				DEVELOPMENT_TEAM = MVGPSPVTNC;
				ENABLE_PREVIEWS = YES;
				INFOPLIST_FILE = UltimatePortfolio/Info.plist;
				IPHONEOS_DEPLOYMENT_TARGET = 14.0;
				LD_RUNPATH_SEARCH_PATHS = (
					"$(inherited)",
					"@executable_path/Frameworks",
				);
				PRODUCT_BUNDLE_IDENTIFIER = com.felix.UltimatePortfolio;
				PRODUCT_NAME = "$(TARGET_NAME)";
				SWIFT_VERSION = 5.0;
				TARGETED_DEVICE_FAMILY = "1,2";
			};
			name = Debug;
		};
		C26859AF260BE33E00EDC0EF /* Release */ = {
			isa = XCBuildConfiguration;
			buildSettings = {
				ASSETCATALOG_COMPILER_APPICON_NAME = AppIcon;
				ASSETCATALOG_COMPILER_GLOBAL_ACCENT_COLOR_NAME = AccentColor;
				CODE_SIGN_ENTITLEMENTS = UltimatePortfolio/UltimatePortfolio.entitlements;
				CODE_SIGN_STYLE = Automatic;
				DEVELOPMENT_ASSET_PATHS = "\"UltimatePortfolio/Preview Content\"";
				DEVELOPMENT_TEAM = MVGPSPVTNC;
				ENABLE_PREVIEWS = YES;
				INFOPLIST_FILE = UltimatePortfolio/Info.plist;
				IPHONEOS_DEPLOYMENT_TARGET = 14.0;
				LD_RUNPATH_SEARCH_PATHS = (
					"$(inherited)",
					"@executable_path/Frameworks",
				);
				PRODUCT_BUNDLE_IDENTIFIER = com.felix.UltimatePortfolio;
				PRODUCT_NAME = "$(TARGET_NAME)";
				SWIFT_VERSION = 5.0;
				TARGETED_DEVICE_FAMILY = "1,2";
			};
			name = Release;
		};
/* End XCBuildConfiguration section */

/* Begin XCConfigurationList section */
		C2685999260BE33D00EDC0EF /* Build configuration list for PBXProject "UltimatePortfolio" */ = {
			isa = XCConfigurationList;
			buildConfigurations = (
				C26859AB260BE33E00EDC0EF /* Debug */,
				C26859AC260BE33E00EDC0EF /* Release */,
			);
			defaultConfigurationIsVisible = 0;
			defaultConfigurationName = Release;
		};
		C26859AD260BE33E00EDC0EF /* Build configuration list for PBXNativeTarget "UltimatePortfolio" */ = {
			isa = XCConfigurationList;
			buildConfigurations = (
				C26859AE260BE33E00EDC0EF /* Debug */,
				C26859AF260BE33E00EDC0EF /* Release */,
			);
			defaultConfigurationIsVisible = 0;
			defaultConfigurationName = Release;
		};
/* End XCConfigurationList section */

/* Begin XCVersionGroup section */
		C21A730C260C707B00154F88 /* Main.xcdatamodeld */ = {
			isa = XCVersionGroup;
			children = (
				C21A730D260C707B00154F88 /* Main.xcdatamodel */,
			);
			currentVersion = C21A730D260C707B00154F88 /* Main.xcdatamodel */;
			path = Main.xcdatamodeld;
			sourceTree = "<group>";
			versionGroupType = wrapper.xcdatamodel;
		};
/* End XCVersionGroup section */
	};
	rootObject = C2685996260BE33D00EDC0EF /* Project object */;
}
